// !$*UTF8*$!
{
	archiveVersion = 1;
	classes = {
	};
	objectVersion = 56;
	objects = {

/* Begin PBXBuildFile section */
		/* App Sources */
		A1000001 /* RSSReaderApp.swift in Sources */ = {isa = PBXBuildFile; fileRef = A2000001 /* RSSReaderApp.swift */; };
		A1000002 /* AppState.swift in Sources */ = {isa = PBXBuildFile; fileRef = A2000002 /* AppState.swift */; };
		A1000003 /* KeyboardCommands.swift in Sources */ = {isa = PBXBuildFile; fileRef = A2000003 /* KeyboardCommands.swift */; };

		/* Views */
		A1000010 /* ContentView.swift in Sources */ = {isa = PBXBuildFile; fileRef = A2000010 /* ContentView.swift */; };
		A1000130 /* ArticleListView.swift in Sources */ = {isa = PBXBuildFile; fileRef = A2000130 /* ArticleListView.swift */; };
		A1000131 /* ArticleRowView.swift in Sources */ = {isa = PBXBuildFile; fileRef = A2000131 /* ArticleRowView.swift */; };
		A1000132 /* ArticleDetailView.swift in Sources */ = {isa = PBXBuildFile; fileRef = A2000132 /* ArticleDetailView.swift */; };
		A1000133 /* SidebarView.swift in Sources */ = {isa = PBXBuildFile; fileRef = A2000133 /* SidebarView.swift */; };
		A1000134 /* FeedRowView.swift in Sources */ = {isa = PBXBuildFile; fileRef = A2000134 /* FeedRowView.swift */; };
		A1000135 /* FolderRowView.swift in Sources */ = {isa = PBXBuildFile; fileRef = A2000135 /* FolderRowView.swift */; };
		A1000136 /* AddFeedSheet.swift in Sources */ = {isa = PBXBuildFile; fileRef = A2000136 /* AddFeedSheet.swift */; };

		/* Models */
		A1000020 /* FeedlyUser.swift in Sources */ = {isa = PBXBuildFile; fileRef = A2000020 /* FeedlyUser.swift */; };
		A1000021 /* AppError.swift in Sources */ = {isa = PBXBuildFile; fileRef = A2000021 /* AppError.swift */; };
		A1000022 /* AuthenticationToken.swift in Sources */ = {isa = PBXBuildFile; fileRef = A2000022 /* AuthenticationToken.swift */; };
		A1000023 /* Category.swift in Sources */ = {isa = PBXBuildFile; fileRef = A2000023 /* Category.swift */; };
		A1000024 /* Feed.swift in Sources */ = {isa = PBXBuildFile; fileRef = A2000024 /* Feed.swift */; };
		A1000025 /* Subscription.swift in Sources */ = {isa = PBXBuildFile; fileRef = A2000025 /* Subscription.swift */; };
		A1000026 /* Article.swift in Sources */ = {isa = PBXBuildFile; fileRef = A2000026 /* Article.swift */; };
		A1000027 /* APIResponses.swift in Sources */ = {isa = PBXBuildFile; fileRef = A2000027 /* APIResponses.swift */; };
		A1000100 /* CDArticle.swift in Sources */ = {isa = PBXBuildFile; fileRef = A2000100 /* CDArticle.swift */; };
		A1000101 /* CDFeed.swift in Sources */ = {isa = PBXBuildFile; fileRef = A2000101 /* CDFeed.swift */; };
		A1000102 /* CDFolder.swift in Sources */ = {isa = PBXBuildFile; fileRef = A2000102 /* CDFolder.swift */; };
		A1000103 /* CDAppSettings.swift in Sources */ = {isa = PBXBuildFile; fileRef = A2000103 /* CDAppSettings.swift */; };
		A1000104 /* CoreDataModel.swift in Sources */ = {isa = PBXBuildFile; fileRef = A2000104 /* CoreDataModel.swift */; };
		A1000105 /* OPMLDocument.swift in Sources */ = {isa = PBXBuildFile; fileRef = A2000105 /* OPMLDocument.swift */; };
		A1000106 /* ParsedFeed.swift in Sources */ = {isa = PBXBuildFile; fileRef = A2000106 /* ParsedFeed.swift */; };
		A1000107 /* RSSReaderError.swift in Sources */ = {isa = PBXBuildFile; fileRef = A2000107 /* RSSReaderError.swift */; };

		/* Services */
		A1000050 /* ServiceProtocols.swift in Sources */ = {isa = PBXBuildFile; fileRef = A2000050 /* ServiceProtocols.swift */; };
		A1000110 /* OPMLService.swift in Sources */ = {isa = PBXBuildFile; fileRef = A2000110 /* OPMLService.swift */; };
		A1000111 /* OPMLParser.swift in Sources */ = {isa = PBXBuildFile; fileRef = A2000111 /* OPMLParser.swift */; };
		A1000112 /* FeedParserService.swift in Sources */ = {isa = PBXBuildFile; fileRef = A2000112 /* FeedParserService.swift */; };
		A1000113 /* PersistenceController.swift in Sources */ = {isa = PBXBuildFile; fileRef = A2000113 /* PersistenceController.swift */; };
		A1000114 /* FeedlyAPIService.swift in Sources */ = {isa = PBXBuildFile; fileRef = A2000114 /* FeedlyAPIService.swift */; };
		A1000115 /* ArticleCleanupService.swift in Sources */ = {isa = PBXBuildFile; fileRef = A2000115 /* ArticleCleanupService.swift */; };
		A1000116 /* KeychainService.swift in Sources */ = {isa = PBXBuildFile; fileRef = A2000116 /* KeychainService.swift */; };
		A1000117 /* FeedErrorHandler.swift in Sources */ = {isa = PBXBuildFile; fileRef = A2000117 /* FeedErrorHandler.swift */; };
		A1000118 /* RateLimiter.swift in Sources */ = {isa = PBXBuildFile; fileRef = A2000118 /* RateLimiter.swift */; };
		A1000119 /* RetryPolicy.swift in Sources */ = {isa = PBXBuildFile; fileRef = A2000119 /* RetryPolicy.swift */; };
		A100011A /* ErrorLogger.swift in Sources */ = {isa = PBXBuildFile; fileRef = A200011A /* ErrorLogger.swift */; };
		A100011B /* RefreshService.swift in Sources */ = {isa = PBXBuildFile; fileRef = A200011B /* RefreshService.swift */; };

		/* ViewModels */
		A1000120 /* ArticleListViewModel.swift in Sources */ = {isa = PBXBuildFile; fileRef = A2000120 /* ArticleListViewModel.swift */; };
		A1000121 /* ArticleDetailViewModel.swift in Sources */ = {isa = PBXBuildFile; fileRef = A2000121 /* ArticleDetailViewModel.swift */; };
		A1000122 /* SidebarViewModel.swift in Sources */ = {isa = PBXBuildFile; fileRef = A2000122 /* SidebarViewModel.swift */; };

		/* Utilities */
		A1000060 /* StringExtensions.swift in Sources */ = {isa = PBXBuildFile; fileRef = A2000060 /* StringExtensions.swift */; };

		/* Core Data */
		A1000080 /* RSSReader.xcdatamodeld in Sources */ = {isa = PBXBuildFile; fileRef = A2000080 /* RSSReader.xcdatamodeld */; };

		/* SPM Dependencies */
		A1000090 /* FeedKit in Frameworks */ = {isa = PBXBuildFile; productRef = AC000001 /* FeedKit */; };

		/* Unit Tests - Models */
		A1000030 /* AppErrorTests.swift in Sources */ = {isa = PBXBuildFile; fileRef = A2000030 /* AppErrorTests.swift */; };
		A1000031 /* FeedlyUserTests.swift in Sources */ = {isa = PBXBuildFile; fileRef = A2000031 /* FeedlyUserTests.swift */; };
		A1000140 /* CoreDataTestHelper.swift in Sources */ = {isa = PBXBuildFile; fileRef = A2000140 /* CoreDataTestHelper.swift */; };
		A1000141 /* CDArticleTests.swift in Sources */ = {isa = PBXBuildFile; fileRef = A2000141 /* CDArticleTests.swift */; };
		A1000142 /* CDFeedTests.swift in Sources */ = {isa = PBXBuildFile; fileRef = A2000142 /* CDFeedTests.swift */; };
		A1000143 /* CDFolderTests.swift in Sources */ = {isa = PBXBuildFile; fileRef = A2000143 /* CDFolderTests.swift */; };
		A1000144 /* CDAppSettingsTests.swift in Sources */ = {isa = PBXBuildFile; fileRef = A2000144 /* CDAppSettingsTests.swift */; };

		/* Unit Tests - ViewModels */
		A1000150 /* ArticleListViewModelTests.swift in Sources */ = {isa = PBXBuildFile; fileRef = A2000150 /* ArticleListViewModelTests.swift */; };
		A1000151 /* ArticleDetailViewModelTests.swift in Sources */ = {isa = PBXBuildFile; fileRef = A2000151 /* ArticleDetailViewModelTests.swift */; };
		A1000152 /* SidebarViewModelCRUDTests.swift in Sources */ = {isa = PBXBuildFile; fileRef = A2000152 /* SidebarViewModelCRUDTests.swift */; };
		A1000153 /* ViewModelTestsPlaceholder.swift in Sources */ = {isa = PBXBuildFile; fileRef = A2000153 /* ViewModelTestsPlaceholder.swift */; };
		A1000154 /* SidebarViewModelFolderExpansionTests.swift in Sources */ = {isa = PBXBuildFile; fileRef = A2000154 /* SidebarViewModelFolderExpansionTests.swift */; };
		A1000155 /* SidebarViewModelSelectionTests.swift in Sources */ = {isa = PBXBuildFile; fileRef = A2000155 /* SidebarViewModelSelectionTests.swift */; };

		/* Unit Tests - Services */
		A1000160 /* OPMLServiceImportTests.swift in Sources */ = {isa = PBXBuildFile; fileRef = A2000160 /* OPMLServiceImportTests.swift */; };
		A1000161 /* OPMLParserTests.swift in Sources */ = {isa = PBXBuildFile; fileRef = A2000161 /* OPMLParserTests.swift */; };
		A1000162 /* ArticleCleanupServiceAgeBasedDeletionTests.swift in Sources */ = {isa = PBXBuildFile; fileRef = A2000162 /* ArticleCleanupServiceAgeBasedDeletionTests.swift */; };
		A1000163 /* FeedErrorHandlerTests.swift in Sources */ = {isa = PBXBuildFile; fileRef = A2000163 /* FeedErrorHandlerTests.swift */; };
		A1000164 /* FeedParserServiceRSSParsingTests.swift in Sources */ = {isa = PBXBuildFile; fileRef = A2000164 /* FeedParserServiceRSSParsingTests.swift */; };
		A1000165 /* FeedlyAPIServiceTests.swift in Sources */ = {isa = PBXBuildFile; fileRef = A2000165 /* FeedlyAPIServiceTests.swift */; };
		A1000166 /* KeychainServiceTests.swift in Sources */ = {isa = PBXBuildFile; fileRef = A2000166 /* KeychainServiceTests.swift */; };
		A1000167 /* MockURLProtocol.swift in Sources */ = {isa = PBXBuildFile; fileRef = A2000167 /* MockURLProtocol.swift */; };
		A1000168 /* PersistenceControllerTests.swift in Sources */ = {isa = PBXBuildFile; fileRef = A2000168 /* PersistenceControllerTests.swift */; };
		A1000169 /* RSSReaderErrorTests.swift in Sources */ = {isa = PBXBuildFile; fileRef = A2000169 /* RSSReaderErrorTests.swift */; };
		A100016A /* RetryPolicyTests.swift in Sources */ = {isa = PBXBuildFile; fileRef = A200016A /* RetryPolicyTests.swift */; };
		A100016B /* RefreshServiceTests.swift in Sources */ = {isa = PBXBuildFile; fileRef = A200016B /* RefreshServiceTests.swift */; };
		A100016C /* OPMLServiceExportTests.swift in Sources */ = {isa = PBXBuildFile; fileRef = A200016C /* OPMLServiceExportTests.swift */; };
		A100016D /* ArticleCleanupServiceCountBasedDeletionTests.swift in Sources */ = {isa = PBXBuildFile; fileRef = A200016D /* ArticleCleanupServiceCountBasedDeletionTests.swift */; };
		A100016E /* ArticleCleanupServiceGeneralTests.swift in Sources */ = {isa = PBXBuildFile; fileRef = A200016E /* ArticleCleanupServiceGeneralTests.swift */; };
		A100016F /* ArticleCleanupServiceSchedulingTests.swift in Sources */ = {isa = PBXBuildFile; fileRef = A200016F /* ArticleCleanupServiceSchedulingTests.swift */; };
		A1000170A /* FeedParserServiceAtomParsingTests.swift in Sources */ = {isa = PBXBuildFile; fileRef = A2000170A /* FeedParserServiceAtomParsingTests.swift */; };
		A1000170B /* FeedParserServiceErrorHandlingTests.swift in Sources */ = {isa = PBXBuildFile; fileRef = A2000170B /* FeedParserServiceErrorHandlingTests.swift */; };
		A1000170C /* FeedParserServiceJSONParsingTests.swift in Sources */ = {isa = PBXBuildFile; fileRef = A2000170C /* FeedParserServiceJSONParsingTests.swift */; };

		/* Unit Tests - Views */
		A1000180 /* AddFeedSheetTests.swift in Sources */ = {isa = PBXBuildFile; fileRef = A2000180 /* AddFeedSheetTests.swift */; };
		A1000181 /* ContentViewLayoutTests.swift in Sources */ = {isa = PBXBuildFile; fileRef = A2000181 /* ContentViewLayoutTests.swift */; };

		/* Integration Tests */
		A1000170 /* IntegrationTestsPlaceholder.swift in Sources */ = {isa = PBXBuildFile; fileRef = A2000170 /* IntegrationTestsPlaceholder.swift */; };

		/* UI Tests */
		A1000040 /* RSSReaderUITests.swift in Sources */ = {isa = PBXBuildFile; fileRef = A2000040 /* RSSReaderUITests.swift */; };
/* End PBXBuildFile section */

/* Begin PBXContainerItemProxy section */
		A3000001 /* PBXContainerItemProxy */ = {
			isa = PBXContainerItemProxy;
			containerPortal = A4000000 /* Project object */;
			proxyType = 1;
			remoteGlobalIDString = A5000001;
			remoteInfo = RSSReader;
		};
		A3000002 /* PBXContainerItemProxy */ = {
			isa = PBXContainerItemProxy;
			containerPortal = A4000000 /* Project object */;
			proxyType = 1;
			remoteGlobalIDString = A5000001;
			remoteInfo = RSSReader;
		};
/* End PBXContainerItemProxy section */

/* Begin PBXFileReference section */
		/* App Sources */
		A2000001 /* RSSReaderApp.swift */ = {isa = PBXFileReference; lastKnownFileType = sourcecode.swift; path = RSSReaderApp.swift; sourceTree = "<group>"; };
		A2000002 /* AppState.swift */ = {isa = PBXFileReference; lastKnownFileType = sourcecode.swift; path = AppState.swift; sourceTree = "<group>"; };
		A2000003 /* KeyboardCommands.swift */ = {isa = PBXFileReference; lastKnownFileType = sourcecode.swift; path = KeyboardCommands.swift; sourceTree = "<group>"; };

		/* Views */
		A2000010 /* ContentView.swift */ = {isa = PBXFileReference; lastKnownFileType = sourcecode.swift; path = ContentView.swift; sourceTree = "<group>"; };
		A2000130 /* ArticleListView.swift */ = {isa = PBXFileReference; lastKnownFileType = sourcecode.swift; path = ArticleListView.swift; sourceTree = "<group>"; };
		A2000131 /* ArticleRowView.swift */ = {isa = PBXFileReference; lastKnownFileType = sourcecode.swift; path = ArticleRowView.swift; sourceTree = "<group>"; };
		A2000132 /* ArticleDetailView.swift */ = {isa = PBXFileReference; lastKnownFileType = sourcecode.swift; path = ArticleDetailView.swift; sourceTree = "<group>"; };
		A2000133 /* SidebarView.swift */ = {isa = PBXFileReference; lastKnownFileType = sourcecode.swift; path = SidebarView.swift; sourceTree = "<group>"; };
		A2000134 /* FeedRowView.swift */ = {isa = PBXFileReference; lastKnownFileType = sourcecode.swift; path = FeedRowView.swift; sourceTree = "<group>"; };
		A2000135 /* FolderRowView.swift */ = {isa = PBXFileReference; lastKnownFileType = sourcecode.swift; path = FolderRowView.swift; sourceTree = "<group>"; };
		A2000136 /* AddFeedSheet.swift */ = {isa = PBXFileReference; lastKnownFileType = sourcecode.swift; path = AddFeedSheet.swift; sourceTree = "<group>"; };

		/* Models */
		A2000020 /* FeedlyUser.swift */ = {isa = PBXFileReference; lastKnownFileType = sourcecode.swift; path = FeedlyUser.swift; sourceTree = "<group>"; };
		A2000021 /* AppError.swift */ = {isa = PBXFileReference; lastKnownFileType = sourcecode.swift; path = AppError.swift; sourceTree = "<group>"; };
		A2000022 /* AuthenticationToken.swift */ = {isa = PBXFileReference; lastKnownFileType = sourcecode.swift; path = AuthenticationToken.swift; sourceTree = "<group>"; };
		A2000023 /* Category.swift */ = {isa = PBXFileReference; lastKnownFileType = sourcecode.swift; path = Category.swift; sourceTree = "<group>"; };
		A2000024 /* Feed.swift */ = {isa = PBXFileReference; lastKnownFileType = sourcecode.swift; path = Feed.swift; sourceTree = "<group>"; };
		A2000025 /* Subscription.swift */ = {isa = PBXFileReference; lastKnownFileType = sourcecode.swift; path = Subscription.swift; sourceTree = "<group>"; };
		A2000026 /* Article.swift */ = {isa = PBXFileReference; lastKnownFileType = sourcecode.swift; path = Article.swift; sourceTree = "<group>"; };
		A2000027 /* APIResponses.swift */ = {isa = PBXFileReference; lastKnownFileType = sourcecode.swift; path = APIResponses.swift; sourceTree = "<group>"; };
		A2000100 /* CDArticle.swift */ = {isa = PBXFileReference; lastKnownFileType = sourcecode.swift; path = CDArticle.swift; sourceTree = "<group>"; };
		A2000101 /* CDFeed.swift */ = {isa = PBXFileReference; lastKnownFileType = sourcecode.swift; path = CDFeed.swift; sourceTree = "<group>"; };
		A2000102 /* CDFolder.swift */ = {isa = PBXFileReference; lastKnownFileType = sourcecode.swift; path = CDFolder.swift; sourceTree = "<group>"; };
		A2000103 /* CDAppSettings.swift */ = {isa = PBXFileReference; lastKnownFileType = sourcecode.swift; path = CDAppSettings.swift; sourceTree = "<group>"; };
		A2000104 /* CoreDataModel.swift */ = {isa = PBXFileReference; lastKnownFileType = sourcecode.swift; path = CoreDataModel.swift; sourceTree = "<group>"; };
		A2000105 /* OPMLDocument.swift */ = {isa = PBXFileReference; lastKnownFileType = sourcecode.swift; path = OPMLDocument.swift; sourceTree = "<group>"; };
		A2000106 /* ParsedFeed.swift */ = {isa = PBXFileReference; lastKnownFileType = sourcecode.swift; path = ParsedFeed.swift; sourceTree = "<group>"; };
		A2000107 /* RSSReaderError.swift */ = {isa = PBXFileReference; lastKnownFileType = sourcecode.swift; path = RSSReaderError.swift; sourceTree = "<group>"; };

		/* Services */
		A2000050 /* ServiceProtocols.swift */ = {isa = PBXFileReference; lastKnownFileType = sourcecode.swift; path = ServiceProtocols.swift; sourceTree = "<group>"; };
		A2000110 /* OPMLService.swift */ = {isa = PBXFileReference; lastKnownFileType = sourcecode.swift; path = OPMLService.swift; sourceTree = "<group>"; };
		A2000111 /* OPMLParser.swift */ = {isa = PBXFileReference; lastKnownFileType = sourcecode.swift; path = OPMLParser.swift; sourceTree = "<group>"; };
		A2000112 /* FeedParserService.swift */ = {isa = PBXFileReference; lastKnownFileType = sourcecode.swift; path = FeedParserService.swift; sourceTree = "<group>"; };
		A2000113 /* PersistenceController.swift */ = {isa = PBXFileReference; lastKnownFileType = sourcecode.swift; path = PersistenceController.swift; sourceTree = "<group>"; };
		A2000114 /* FeedlyAPIService.swift */ = {isa = PBXFileReference; lastKnownFileType = sourcecode.swift; path = FeedlyAPIService.swift; sourceTree = "<group>"; };
		A2000115 /* ArticleCleanupService.swift */ = {isa = PBXFileReference; lastKnownFileType = sourcecode.swift; path = ArticleCleanupService.swift; sourceTree = "<group>"; };
		A2000116 /* KeychainService.swift */ = {isa = PBXFileReference; lastKnownFileType = sourcecode.swift; path = KeychainService.swift; sourceTree = "<group>"; };
		A2000117 /* FeedErrorHandler.swift */ = {isa = PBXFileReference; lastKnownFileType = sourcecode.swift; path = FeedErrorHandler.swift; sourceTree = "<group>"; };
		A2000118 /* RateLimiter.swift */ = {isa = PBXFileReference; lastKnownFileType = sourcecode.swift; path = RateLimiter.swift; sourceTree = "<group>"; };
		A2000119 /* RetryPolicy.swift */ = {isa = PBXFileReference; lastKnownFileType = sourcecode.swift; path = RetryPolicy.swift; sourceTree = "<group>"; };
		A200011A /* ErrorLogger.swift */ = {isa = PBXFileReference; lastKnownFileType = sourcecode.swift; path = ErrorLogger.swift; sourceTree = "<group>"; };
		A200011B /* RefreshService.swift */ = {isa = PBXFileReference; lastKnownFileType = sourcecode.swift; path = RefreshService.swift; sourceTree = "<group>"; };

		/* ViewModels */
		A2000070 /* ViewModelPlaceholder.swift */ = {isa = PBXFileReference; lastKnownFileType = sourcecode.swift; path = ViewModelPlaceholder.swift; sourceTree = "<group>"; };
		A2000120 /* ArticleListViewModel.swift */ = {isa = PBXFileReference; lastKnownFileType = sourcecode.swift; path = ArticleListViewModel.swift; sourceTree = "<group>"; };
		A2000121 /* ArticleDetailViewModel.swift */ = {isa = PBXFileReference; lastKnownFileType = sourcecode.swift; path = ArticleDetailViewModel.swift; sourceTree = "<group>"; };
		A2000122 /* SidebarViewModel.swift */ = {isa = PBXFileReference; lastKnownFileType = sourcecode.swift; path = SidebarViewModel.swift; sourceTree = "<group>"; };

		/* Utilities */
		A2000060 /* StringExtensions.swift */ = {isa = PBXFileReference; lastKnownFileType = sourcecode.swift; path = StringExtensions.swift; sourceTree = "<group>"; };

		/* Core Data */
		A2000080 /* RSSReader.xcdatamodeld */ = {isa = PBXFileReference; lastKnownFileType = wrapper.xcdatamodeld; path = RSSReader.xcdatamodeld; sourceTree = "<group>"; };

		/* Unit Tests */
		A2000030 /* AppErrorTests.swift */ = {isa = PBXFileReference; lastKnownFileType = sourcecode.swift; path = AppErrorTests.swift; sourceTree = "<group>"; };
		A2000031 /* FeedlyUserTests.swift */ = {isa = PBXFileReference; lastKnownFileType = sourcecode.swift; path = FeedlyUserTests.swift; sourceTree = "<group>"; };
		A2000140 /* CoreDataTestHelper.swift */ = {isa = PBXFileReference; lastKnownFileType = sourcecode.swift; path = CoreDataTestHelper.swift; sourceTree = "<group>"; };
		A2000141 /* CDArticleTests.swift */ = {isa = PBXFileReference; lastKnownFileType = sourcecode.swift; path = CDArticleTests.swift; sourceTree = "<group>"; };
		A2000142 /* CDFeedTests.swift */ = {isa = PBXFileReference; lastKnownFileType = sourcecode.swift; path = CDFeedTests.swift; sourceTree = "<group>"; };
		A2000143 /* CDFolderTests.swift */ = {isa = PBXFileReference; lastKnownFileType = sourcecode.swift; path = CDFolderTests.swift; sourceTree = "<group>"; };
		A2000144 /* CDAppSettingsTests.swift */ = {isa = PBXFileReference; lastKnownFileType = sourcecode.swift; path = CDAppSettingsTests.swift; sourceTree = "<group>"; };
		A2000150 /* ArticleListViewModelTests.swift */ = {isa = PBXFileReference; lastKnownFileType = sourcecode.swift; path = ArticleListViewModelTests.swift; sourceTree = "<group>"; };
		A2000151 /* ArticleDetailViewModelTests.swift */ = {isa = PBXFileReference; lastKnownFileType = sourcecode.swift; path = ArticleDetailViewModelTests.swift; sourceTree = "<group>"; };
		A2000152 /* SidebarViewModelCRUDTests.swift */ = {isa = PBXFileReference; lastKnownFileType = sourcecode.swift; path = SidebarViewModelCRUDTests.swift; sourceTree = "<group>"; };
		A2000153 /* ViewModelTestsPlaceholder.swift */ = {isa = PBXFileReference; lastKnownFileType = sourcecode.swift; path = ViewModelTestsPlaceholder.swift; sourceTree = "<group>"; };
		A2000154 /* SidebarViewModelFolderExpansionTests.swift */ = {isa = PBXFileReference; lastKnownFileType = sourcecode.swift; path = SidebarViewModelFolderExpansionTests.swift; sourceTree = "<group>"; };
		A2000155 /* SidebarViewModelSelectionTests.swift */ = {isa = PBXFileReference; lastKnownFileType = sourcecode.swift; path = SidebarViewModelSelectionTests.swift; sourceTree = "<group>"; };
		A2000160 /* OPMLServiceImportTests.swift */ = {isa = PBXFileReference; lastKnownFileType = sourcecode.swift; path = OPMLServiceImportTests.swift; sourceTree = "<group>"; };
		A2000161 /* OPMLParserTests.swift */ = {isa = PBXFileReference; lastKnownFileType = sourcecode.swift; path = OPMLParserTests.swift; sourceTree = "<group>"; };
		A2000162 /* ArticleCleanupServiceAgeBasedDeletionTests.swift */ = {isa = PBXFileReference; lastKnownFileType = sourcecode.swift; path = ArticleCleanupServiceAgeBasedDeletionTests.swift; sourceTree = "<group>"; };
		A2000163 /* FeedErrorHandlerTests.swift */ = {isa = PBXFileReference; lastKnownFileType = sourcecode.swift; path = FeedErrorHandlerTests.swift; sourceTree = "<group>"; };
		A2000164 /* FeedParserServiceRSSParsingTests.swift */ = {isa = PBXFileReference; lastKnownFileType = sourcecode.swift; path = FeedParserServiceRSSParsingTests.swift; sourceTree = "<group>"; };
		A2000165 /* FeedlyAPIServiceTests.swift */ = {isa = PBXFileReference; lastKnownFileType = sourcecode.swift; path = FeedlyAPIServiceTests.swift; sourceTree = "<group>"; };
		A2000166 /* KeychainServiceTests.swift */ = {isa = PBXFileReference; lastKnownFileType = sourcecode.swift; path = KeychainServiceTests.swift; sourceTree = "<group>"; };
		A2000167 /* MockURLProtocol.swift */ = {isa = PBXFileReference; lastKnownFileType = sourcecode.swift; path = MockURLProtocol.swift; sourceTree = "<group>"; };
		A2000168 /* PersistenceControllerTests.swift */ = {isa = PBXFileReference; lastKnownFileType = sourcecode.swift; path = PersistenceControllerTests.swift; sourceTree = "<group>"; };
		A2000169 /* RSSReaderErrorTests.swift */ = {isa = PBXFileReference; lastKnownFileType = sourcecode.swift; path = RSSReaderErrorTests.swift; sourceTree = "<group>"; };
		A200016A /* RetryPolicyTests.swift */ = {isa = PBXFileReference; lastKnownFileType = sourcecode.swift; path = RetryPolicyTests.swift; sourceTree = "<group>"; };
		A200016B /* RefreshServiceTests.swift */ = {isa = PBXFileReference; lastKnownFileType = sourcecode.swift; path = RefreshServiceTests.swift; sourceTree = "<group>"; };
		A200016C /* OPMLServiceExportTests.swift */ = {isa = PBXFileReference; lastKnownFileType = sourcecode.swift; path = OPMLServiceExportTests.swift; sourceTree = "<group>"; };
		A200016D /* ArticleCleanupServiceCountBasedDeletionTests.swift */ = {isa = PBXFileReference; lastKnownFileType = sourcecode.swift; path = ArticleCleanupServiceCountBasedDeletionTests.swift; sourceTree = "<group>"; };
		A200016E /* ArticleCleanupServiceGeneralTests.swift */ = {isa = PBXFileReference; lastKnownFileType = sourcecode.swift; path = ArticleCleanupServiceGeneralTests.swift; sourceTree = "<group>"; };
		A200016F /* ArticleCleanupServiceSchedulingTests.swift */ = {isa = PBXFileReference; lastKnownFileType = sourcecode.swift; path = ArticleCleanupServiceSchedulingTests.swift; sourceTree = "<group>"; };
		A2000170A /* FeedParserServiceAtomParsingTests.swift */ = {isa = PBXFileReference; lastKnownFileType = sourcecode.swift; path = FeedParserServiceAtomParsingTests.swift; sourceTree = "<group>"; };
		A2000170B /* FeedParserServiceErrorHandlingTests.swift */ = {isa = PBXFileReference; lastKnownFileType = sourcecode.swift; path = FeedParserServiceErrorHandlingTests.swift; sourceTree = "<group>"; };
		A2000170C /* FeedParserServiceJSONParsingTests.swift */ = {isa = PBXFileReference; lastKnownFileType = sourcecode.swift; path = FeedParserServiceJSONParsingTests.swift; sourceTree = "<group>"; };
		A2000180 /* AddFeedSheetTests.swift */ = {isa = PBXFileReference; lastKnownFileType = sourcecode.swift; path = AddFeedSheetTests.swift; sourceTree = "<group>"; };
		A2000181 /* ContentViewLayoutTests.swift */ = {isa = PBXFileReference; lastKnownFileType = sourcecode.swift; path = ContentViewLayoutTests.swift; sourceTree = "<group>"; };
		A2000170 /* IntegrationTestsPlaceholder.swift */ = {isa = PBXFileReference; lastKnownFileType = sourcecode.swift; path = IntegrationTestsPlaceholder.swift; sourceTree = "<group>"; };

		/* UI Tests */
		A2000040 /* RSSReaderUITests.swift */ = {isa = PBXFileReference; lastKnownFileType = sourcecode.swift; path = RSSReaderUITests.swift; sourceTree = "<group>"; };

		/* Products */
		A2100001 /* RSSReader.app */ = {isa = PBXFileReference; explicitFileType = wrapper.application; includeInIndex = 0; path = RSSReader.app; sourceTree = BUILT_PRODUCTS_DIR; };
		A2100002 /* RSSReaderTests.xctest */ = {isa = PBXFileReference; explicitFileType = wrapper.cfbundle; includeInIndex = 0; path = RSSReaderTests.xctest; sourceTree = BUILT_PRODUCTS_DIR; };
		A2100003 /* RSSReaderUITests.xctest */ = {isa = PBXFileReference; explicitFileType = wrapper.cfbundle; includeInIndex = 0; path = RSSReaderUITests.xctest; sourceTree = BUILT_PRODUCTS_DIR; };
/* End PBXFileReference section */

/* Begin PBXFrameworksBuildPhase section */
		A6000001 /* Frameworks */ = {
			isa = PBXFrameworksBuildPhase;
			buildActionMask = 2147483647;
			files = (
				A1000090 /* FeedKit in Frameworks */,
			);
			runOnlyForDeploymentPostprocessing = 0;
		};
		A6000002 /* Frameworks */ = {
			isa = PBXFrameworksBuildPhase;
			buildActionMask = 2147483647;
			files = (
			);
			runOnlyForDeploymentPostprocessing = 0;
		};
		A6000003 /* Frameworks */ = {
			isa = PBXFrameworksBuildPhase;
			buildActionMask = 2147483647;
			files = (
			);
			runOnlyForDeploymentPostprocessing = 0;
		};
/* End PBXFrameworksBuildPhase section */

/* Begin PBXGroup section */
		A7000000 = {
			isa = PBXGroup;
			children = (
				A7000001 /* RSSReader */,
				A7000002 /* RSSReaderTests */,
				A7000003 /* RSSReaderUITests */,
				A7000004 /* Products */,
			);
			sourceTree = "<group>";
		};
		A7000001 /* RSSReader */ = {
			isa = PBXGroup;
			children = (
				A7000010 /* App */,
				A7000011 /* Models */,
				A7000012 /* Views */,
				A7000013 /* ViewModels */,
				A7000014 /* Services */,
				A7000015 /* Utilities */,
				A2000080 /* RSSReader.xcdatamodeld */,
			);
			path = RSSReader;
			sourceTree = "<group>";
		};
		A7000002 /* RSSReaderTests */ = {
			isa = PBXGroup;
			children = (
				A7000020 /* UnitTests */,
				A7000021 /* IntegrationTests */,
			);
			path = RSSReaderTests;
			sourceTree = "<group>";
		};
		A7000003 /* RSSReaderUITests */ = {
			isa = PBXGroup;
			children = (
				A2000040 /* RSSReaderUITests.swift */,
			);
			path = RSSReaderUITests;
			sourceTree = "<group>";
		};
		A7000004 /* Products */ = {
			isa = PBXGroup;
			children = (
				A2100001 /* RSSReader.app */,
				A2100002 /* RSSReaderTests.xctest */,
				A2100003 /* RSSReaderUITests.xctest */,
			);
			name = Products;
			sourceTree = "<group>";
		};
		A7000010 /* App */ = {
			isa = PBXGroup;
			children = (
				A2000001 /* RSSReaderApp.swift */,
				A2000002 /* AppState.swift */,
				A2000003 /* KeyboardCommands.swift */,
			);
			path = App;
			sourceTree = "<group>";
		};
		A7000011 /* Models */ = {
			isa = PBXGroup;
			children = (
				A2000100 /* CDArticle.swift */,
				A2000101 /* CDFeed.swift */,
				A2000102 /* CDFolder.swift */,
				A2000103 /* CDAppSettings.swift */,
				A2000104 /* CoreDataModel.swift */,
				A2000105 /* OPMLDocument.swift */,
				A2000106 /* ParsedFeed.swift */,
				A2000107 /* RSSReaderError.swift */,
				A2000020 /* FeedlyUser.swift */,
				A2000021 /* AppError.swift */,
				A2000022 /* AuthenticationToken.swift */,
				A2000023 /* Category.swift */,
				A2000024 /* Feed.swift */,
				A2000025 /* Subscription.swift */,
				A2000026 /* Article.swift */,
				A2000027 /* APIResponses.swift */,
			);
			path = Models;
			sourceTree = "<group>";
		};
		A7000012 /* Views */ = {
			isa = PBXGroup;
			children = (
				A2000010 /* ContentView.swift */,
				A7000016 /* ArticleList */,
				A7000017 /* ArticleDetail */,
				A7000018 /* Sidebar */,
			);
			path = Views;
			sourceTree = "<group>";
		};
		A7000016 /* ArticleList */ = {
			isa = PBXGroup;
			children = (
				A2000130 /* ArticleListView.swift */,
				A2000131 /* ArticleRowView.swift */,
			);
			path = ArticleList;
			sourceTree = "<group>";
		};
		A7000017 /* ArticleDetail */ = {
			isa = PBXGroup;
			children = (
				A2000132 /* ArticleDetailView.swift */,
			);
			path = ArticleDetail;
			sourceTree = "<group>";
		};
		A7000018 /* Sidebar */ = {
			isa = PBXGroup;
			children = (
				A2000133 /* SidebarView.swift */,
				A2000134 /* FeedRowView.swift */,
				A2000135 /* FolderRowView.swift */,
				A2000136 /* AddFeedSheet.swift */,
			);
			path = Sidebar;
			sourceTree = "<group>";
		};
		A7000013 /* ViewModels */ = {
			isa = PBXGroup;
			children = (
				A2000070 /* ViewModelPlaceholder.swift */,
				A2000120 /* ArticleListViewModel.swift */,
				A2000121 /* ArticleDetailViewModel.swift */,
				A2000122 /* SidebarViewModel.swift */,
			);
			path = ViewModels;
			sourceTree = "<group>";
		};
		A7000014 /* Services */ = {
			isa = PBXGroup;
			children = (
				A2000050 /* ServiceProtocols.swift */,
				A2000110 /* OPMLService.swift */,
				A2000111 /* OPMLParser.swift */,
				A2000112 /* FeedParserService.swift */,
				A2000113 /* PersistenceController.swift */,
				A2000114 /* FeedlyAPIService.swift */,
				A2000115 /* ArticleCleanupService.swift */,
				A2000116 /* KeychainService.swift */,
				A2000117 /* FeedErrorHandler.swift */,
				A2000118 /* RateLimiter.swift */,
				A2000119 /* RetryPolicy.swift */,
				A200011A /* ErrorLogger.swift */,
				A200011B /* RefreshService.swift */,
			);
			path = Services;
			sourceTree = "<group>";
		};
		A7000015 /* Utilities */ = {
			isa = PBXGroup;
			children = (
				A2000060 /* StringExtensions.swift */,
			);
			path = Utilities;
			sourceTree = "<group>";
		};
		A7000020 /* UnitTests */ = {
			isa = PBXGroup;
			children = (
				A7000022 /* Models */,
				A7000023 /* ViewModels */,
				A7000024 /* Services */,
				A7000025 /* Views */,
			);
			path = UnitTests;
			sourceTree = "<group>";
		};
		A7000021 /* IntegrationTests */ = {
			isa = PBXGroup;
			children = (
				A2000170 /* IntegrationTestsPlaceholder.swift */,
			);
			path = IntegrationTests;
			sourceTree = "<group>";
		};
		A7000022 /* Models */ = {
			isa = PBXGroup;
			children = (
				A2000030 /* AppErrorTests.swift */,
				A2000031 /* FeedlyUserTests.swift */,
				A2000140 /* CoreDataTestHelper.swift */,
				A2000141 /* CDArticleTests.swift */,
				A2000142 /* CDFeedTests.swift */,
				A2000143 /* CDFolderTests.swift */,
				A2000144 /* CDAppSettingsTests.swift */,
			);
			path = Models;
			sourceTree = "<group>";
		};
		A7000023 /* ViewModels */ = {
			isa = PBXGroup;
			children = (
				A2000150 /* ArticleListViewModelTests.swift */,
				A2000151 /* ArticleDetailViewModelTests.swift */,
				A2000152 /* SidebarViewModelCRUDTests.swift */,
				A2000154 /* SidebarViewModelFolderExpansionTests.swift */,
				A2000155 /* SidebarViewModelSelectionTests.swift */,
				A2000153 /* ViewModelTestsPlaceholder.swift */,
			);
			path = ViewModels;
			sourceTree = "<group>";
		};
		A7000024 /* Services */ = {
			isa = PBXGroup;
			children = (
				A2000160 /* OPMLServiceImportTests.swift */,
				A200016C /* OPMLServiceExportTests.swift */,
				A2000161 /* OPMLParserTests.swift */,
				A2000162 /* ArticleCleanupServiceAgeBasedDeletionTests.swift */,
				A200016D /* ArticleCleanupServiceCountBasedDeletionTests.swift */,
				A200016E /* ArticleCleanupServiceGeneralTests.swift */,
				A200016F /* ArticleCleanupServiceSchedulingTests.swift */,
				A2000163 /* FeedErrorHandlerTests.swift */,
				A2000164 /* FeedParserServiceRSSParsingTests.swift */,
				A2000170A /* FeedParserServiceAtomParsingTests.swift */,
				A2000170B /* FeedParserServiceErrorHandlingTests.swift */,
				A2000170C /* FeedParserServiceJSONParsingTests.swift */,
				A2000165 /* FeedlyAPIServiceTests.swift */,
				A2000166 /* KeychainServiceTests.swift */,
				A2000167 /* MockURLProtocol.swift */,
				A2000168 /* PersistenceControllerTests.swift */,
				A2000169 /* RSSReaderErrorTests.swift */,
				A200016A /* RetryPolicyTests.swift */,
				A200016B /* RefreshServiceTests.swift */,
			);
			path = Services;
			sourceTree = "<group>";
		};
		A7000025 /* Views */ = {
			isa = PBXGroup;
			children = (
				A2000180 /* AddFeedSheetTests.swift */,
				A2000181 /* ContentViewLayoutTests.swift */,
			);
			path = Views;
			sourceTree = "<group>";
		};
/* End PBXGroup section */

/* Begin PBXNativeTarget section */
		A5000001 /* RSSReader */ = {
			isa = PBXNativeTarget;
			buildConfigurationList = A8000001 /* Build configuration list for PBXNativeTarget "RSSReader" */;
			buildPhases = (
				A9000001 /* Sources */,
				A6000001 /* Frameworks */,
				AA000001 /* Resources */,
			);
			buildRules = (
			);
			dependencies = (
			);
			name = RSSReader;
			packageProductDependencies = (
				AC000001 /* FeedKit */,
			);
			productName = RSSReader;
			productReference = A2100001 /* RSSReader.app */;
			productType = "com.apple.product-type.application";
		};
		A5000002 /* RSSReaderTests */ = {
			isa = PBXNativeTarget;
			buildConfigurationList = A8000002 /* Build configuration list for PBXNativeTarget "RSSReaderTests" */;
			buildPhases = (
				A9000002 /* Sources */,
				A6000002 /* Frameworks */,
				AA000002 /* Resources */,
			);
			buildRules = (
			);
			dependencies = (
				A5000010 /* PBXTargetDependency */,
			);
			name = RSSReaderTests;
			productName = RSSReaderTests;
			productReference = A2100002 /* RSSReaderTests.xctest */;
			productType = "com.apple.product-type.bundle.unit-test";
		};
		A5000003 /* RSSReaderUITests */ = {
			isa = PBXNativeTarget;
			buildConfigurationList = A8000003 /* Build configuration list for PBXNativeTarget "RSSReaderUITests" */;
			buildPhases = (
				A9000003 /* Sources */,
				A6000003 /* Frameworks */,
				AA000003 /* Resources */,
			);
			buildRules = (
			);
			dependencies = (
				A5000011 /* PBXTargetDependency */,
			);
			name = RSSReaderUITests;
			productName = RSSReaderUITests;
			productReference = A2100003 /* RSSReaderUITests.xctest */;
			productType = "com.apple.product-type.bundle.ui-testing";
		};
/* End PBXNativeTarget section */

/* Begin PBXProject section */
		A4000000 /* Project object */ = {
			isa = PBXProject;
			attributes = {
				BuildIndependentTargetsInParallel = 1;
				LastSwiftUpdateCheck = 1500;
				LastUpgradeCheck = 1500;
				TargetAttributes = {
					A5000001 = {
						CreatedOnToolsVersion = 15.0;
					};
					A5000002 = {
						CreatedOnToolsVersion = 15.0;
						TestTargetID = A5000001;
					};
					A5000003 = {
						CreatedOnToolsVersion = 15.0;
						TestTargetID = A5000001;
					};
				};
			};
			buildConfigurationList = A8000000 /* Build configuration list for PBXProject "RSSReader" */;
			compatibilityVersion = "Xcode 14.0";
			developmentRegion = en;
			hasScannedForEncodings = 0;
			knownRegions = (
				en,
				Base,
			);
			mainGroup = A7000000;
			packageReferences = (
				AC000002 /* XCRemoteSwiftPackageReference "FeedKit" */,
			);
			productRefGroup = A7000004 /* Products */;
			projectDirPath = "";
			projectRoot = "";
			targets = (
				A5000001 /* RSSReader */,
				A5000002 /* RSSReaderTests */,
				A5000003 /* RSSReaderUITests */,
			);
		};
/* End PBXProject section */

/* Begin PBXResourcesBuildPhase section */
		AA000001 /* Resources */ = {
			isa = PBXResourcesBuildPhase;
			buildActionMask = 2147483647;
			files = (
			);
			runOnlyForDeploymentPostprocessing = 0;
		};
		AA000002 /* Resources */ = {
			isa = PBXResourcesBuildPhase;
			buildActionMask = 2147483647;
			files = (
			);
			runOnlyForDeploymentPostprocessing = 0;
		};
		AA000003 /* Resources */ = {
			isa = PBXResourcesBuildPhase;
			buildActionMask = 2147483647;
			files = (
			);
			runOnlyForDeploymentPostprocessing = 0;
		};
/* End PBXResourcesBuildPhase section */

/* Begin PBXSourcesBuildPhase section */
		A9000001 /* Sources */ = {
			isa = PBXSourcesBuildPhase;
			buildActionMask = 2147483647;
			files = (
				A1000001 /* RSSReaderApp.swift in Sources */,
				A1000002 /* AppState.swift in Sources */,
				A1000003 /* KeyboardCommands.swift in Sources */,
				A1000010 /* ContentView.swift in Sources */,
				A1000130 /* ArticleListView.swift in Sources */,
				A1000131 /* ArticleRowView.swift in Sources */,
				A1000132 /* ArticleDetailView.swift in Sources */,
				A1000133 /* SidebarView.swift in Sources */,
				A1000134 /* FeedRowView.swift in Sources */,
				A1000135 /* FolderRowView.swift in Sources */,
				A1000136 /* AddFeedSheet.swift in Sources */,
				A1000020 /* FeedlyUser.swift in Sources */,
				A1000021 /* AppError.swift in Sources */,
				A1000022 /* AuthenticationToken.swift in Sources */,
				A1000023 /* Category.swift in Sources */,
				A1000024 /* Feed.swift in Sources */,
				A1000025 /* Subscription.swift in Sources */,
				A1000026 /* Article.swift in Sources */,
				A1000027 /* APIResponses.swift in Sources */,
				A1000100 /* CDArticle.swift in Sources */,
				A1000101 /* CDFeed.swift in Sources */,
				A1000102 /* CDFolder.swift in Sources */,
				A1000103 /* CDAppSettings.swift in Sources */,
				A1000104 /* CoreDataModel.swift in Sources */,
				A1000105 /* OPMLDocument.swift in Sources */,
				A1000106 /* ParsedFeed.swift in Sources */,
				A1000107 /* RSSReaderError.swift in Sources */,
				A1000050 /* ServiceProtocols.swift in Sources */,
				A1000110 /* OPMLService.swift in Sources */,
				A1000111 /* OPMLParser.swift in Sources */,
				A1000112 /* FeedParserService.swift in Sources */,
				A1000113 /* PersistenceController.swift in Sources */,
				A1000114 /* FeedlyAPIService.swift in Sources */,
				A1000115 /* ArticleCleanupService.swift in Sources */,
				A1000116 /* KeychainService.swift in Sources */,
				A1000117 /* FeedErrorHandler.swift in Sources */,
				A1000118 /* RateLimiter.swift in Sources */,
				A1000119 /* RetryPolicy.swift in Sources */,
				A100011A /* ErrorLogger.swift in Sources */,
				A100011B /* RefreshService.swift in Sources */,
				A1000120 /* ArticleListViewModel.swift in Sources */,
				A1000121 /* ArticleDetailViewModel.swift in Sources */,
				A1000122 /* SidebarViewModel.swift in Sources */,
				A1000060 /* StringExtensions.swift in Sources */,
				A1000080 /* RSSReader.xcdatamodeld in Sources */,
			);
			runOnlyForDeploymentPostprocessing = 0;
		};
		A9000002 /* Sources */ = {
			isa = PBXSourcesBuildPhase;
			buildActionMask = 2147483647;
			files = (
				A1000030 /* AppErrorTests.swift in Sources */,
				A1000031 /* FeedlyUserTests.swift in Sources */,
				A1000140 /* CoreDataTestHelper.swift in Sources */,
				A1000141 /* CDArticleTests.swift in Sources */,
				A1000142 /* CDFeedTests.swift in Sources */,
				A1000143 /* CDFolderTests.swift in Sources */,
				A1000144 /* CDAppSettingsTests.swift in Sources */,
				A1000150 /* ArticleListViewModelTests.swift in Sources */,
				A1000151 /* ArticleDetailViewModelTests.swift in Sources */,
				A1000152 /* SidebarViewModelCRUDTests.swift in Sources */,
				A1000154 /* SidebarViewModelFolderExpansionTests.swift in Sources */,
				A1000155 /* SidebarViewModelSelectionTests.swift in Sources */,
				A1000153 /* ViewModelTestsPlaceholder.swift in Sources */,
				A1000160 /* OPMLServiceImportTests.swift in Sources */,
				A100016C /* OPMLServiceExportTests.swift in Sources */,
				A1000161 /* OPMLParserTests.swift in Sources */,
				A1000162 /* ArticleCleanupServiceAgeBasedDeletionTests.swift in Sources */,
				A100016D /* ArticleCleanupServiceCountBasedDeletionTests.swift in Sources */,
				A100016E /* ArticleCleanupServiceGeneralTests.swift in Sources */,
				A100016F /* ArticleCleanupServiceSchedulingTests.swift in Sources */,
				A1000163 /* FeedErrorHandlerTests.swift in Sources */,
				A1000164 /* FeedParserServiceRSSParsingTests.swift in Sources */,
				A1000170A /* FeedParserServiceAtomParsingTests.swift in Sources */,
				A1000170B /* FeedParserServiceErrorHandlingTests.swift in Sources */,
				A1000170C /* FeedParserServiceJSONParsingTests.swift in Sources */,
				A1000165 /* FeedlyAPIServiceTests.swift in Sources */,
				A1000166 /* KeychainServiceTests.swift in Sources */,
				A1000167 /* MockURLProtocol.swift in Sources */,
				A1000168 /* PersistenceControllerTests.swift in Sources */,
				A1000169 /* RSSReaderErrorTests.swift in Sources */,
				A100016A /* RetryPolicyTests.swift in Sources */,
				A100016B /* RefreshServiceTests.swift in Sources */,
				A1000180 /* AddFeedSheetTests.swift in Sources */,
				A1000181 /* ContentViewLayoutTests.swift in Sources */,
				A1000170 /* IntegrationTestsPlaceholder.swift in Sources */,
			);
			runOnlyForDeploymentPostprocessing = 0;
		};
		A9000003 /* Sources */ = {
			isa = PBXSourcesBuildPhase;
			buildActionMask = 2147483647;
			files = (
				A1000040 /* RSSReaderUITests.swift in Sources */,
			);
			runOnlyForDeploymentPostprocessing = 0;
		};
/* End PBXSourcesBuildPhase section */

/* Begin PBXTargetDependency section */
		A5000010 /* PBXTargetDependency */ = {
			isa = PBXTargetDependency;
			target = A5000001 /* RSSReader */;
			targetProxy = A3000001 /* PBXContainerItemProxy */;
		};
		A5000011 /* PBXTargetDependency */ = {
			isa = PBXTargetDependency;
			target = A5000001 /* RSSReader */;
			targetProxy = A3000002 /* PBXContainerItemProxy */;
		};
/* End PBXTargetDependency section */

/* Begin XCBuildConfiguration section */
		/* Project Debug */
		AB000001 /* Debug */ = {
			isa = XCBuildConfiguration;
			buildSettings = {
				ALWAYS_SEARCH_USER_PATHS = NO;
				ASSETCATALOG_COMPILER_GENERATE_SWIFT_ASSET_SYMBOL_EXTENSIONS = YES;
				CLANG_ANALYZER_NONNULL = YES;
				CLANG_ANALYZER_NUMBER_OBJECT_CONVERSION = YES_AGGRESSIVE;
				CLANG_CXX_LANGUAGE_STANDARD = "gnu++20";
				CLANG_ENABLE_MODULES = YES;
				CLANG_ENABLE_OBJC_ARC = YES;
				CLANG_ENABLE_OBJC_WEAK = YES;
				CLANG_WARN_BLOCK_CAPTURE_AUTORELEASING = YES;
				CLANG_WARN_BOOL_CONVERSION = YES;
				CLANG_WARN_COMMA = YES;
				CLANG_WARN_CONSTANT_CONVERSION = YES;
				CLANG_WARN_DEPRECATED_OBJC_IMPLEMENTATIONS = YES;
				CLANG_WARN_DIRECT_OBJC_ISA_USAGE = YES_ERROR;
				CLANG_WARN_DOCUMENTATION_COMMENTS = YES;
				CLANG_WARN_EMPTY_BODY = YES;
				CLANG_WARN_ENUM_CONVERSION = YES;
				CLANG_WARN_INFINITE_RECURSION = YES;
				CLANG_WARN_INT_CONVERSION = YES;
				CLANG_WARN_NON_LITERAL_NULL_CONVERSION = YES;
				CLANG_WARN_OBJC_IMPLICIT_RETAIN_SELF = YES;
				CLANG_WARN_OBJC_LITERAL_CONVERSION = YES;
				CLANG_WARN_OBJC_ROOT_CLASS = YES_ERROR;
				CLANG_WARN_QUOTED_INCLUDE_IN_FRAMEWORK_HEADER = YES;
				CLANG_WARN_RANGE_LOOP_ANALYSIS = YES;
				CLANG_WARN_STRICT_PROTOTYPES = YES;
				CLANG_WARN_SUSPICIOUS_MOVE = YES;
				CLANG_WARN_UNGUARDED_AVAILABILITY = YES_AGGRESSIVE;
				CLANG_WARN_UNREACHABLE_CODE = YES;
				CLANG_WARN__DUPLICATE_METHOD_MATCH = YES;
				COPY_PHASE_STRIP = NO;
				DEBUG_INFORMATION_FORMAT = dwarf;
				ENABLE_STRICT_OBJC_MSGSEND = YES;
				ENABLE_TESTABILITY = YES;
				ENABLE_USER_SCRIPT_SANDBOXING = YES;
				GCC_C_LANGUAGE_STANDARD = gnu17;
				GCC_DYNAMIC_NO_PIC = NO;
				GCC_NO_COMMON_BLOCKS = YES;
				GCC_OPTIMIZATION_LEVEL = 0;
				GCC_PREPROCESSOR_DEFINITIONS = (
					"DEBUG=1",
					"$(inherited)",
				);
				GCC_WARN_64_TO_32_BIT_CONVERSION = YES;
				GCC_WARN_ABOUT_RETURN_TYPE = YES_ERROR;
				GCC_WARN_UNDECLARED_SELECTOR = YES;
				GCC_WARN_UNINITIALIZED_AUTOS = YES_AGGRESSIVE;
				GCC_WARN_UNUSED_FUNCTION = YES;
				GCC_WARN_UNUSED_VARIABLE = YES;
				LOCALIZATION_PREFERS_STRING_CATALOGS = YES;
				MACOSX_DEPLOYMENT_TARGET = 14.0;
				MTL_ENABLE_DEBUG_INFO = INCLUDE_SOURCE;
				MTL_FAST_MATH = YES;
				ONLY_ACTIVE_ARCH = YES;
				SDKROOT = macosx;
				SWIFT_ACTIVE_COMPILATION_CONDITIONS = "DEBUG $(inherited)";
				SWIFT_OPTIMIZATION_LEVEL = "-Onone";
			};
			name = Debug;
		};
		/* Project Release */
		AB000002 /* Release */ = {
			isa = XCBuildConfiguration;
			buildSettings = {
				ALWAYS_SEARCH_USER_PATHS = NO;
				ASSETCATALOG_COMPILER_GENERATE_SWIFT_ASSET_SYMBOL_EXTENSIONS = YES;
				CLANG_ANALYZER_NONNULL = YES;
				CLANG_ANALYZER_NUMBER_OBJECT_CONVERSION = YES_AGGRESSIVE;
				CLANG_CXX_LANGUAGE_STANDARD = "gnu++20";
				CLANG_ENABLE_MODULES = YES;
				CLANG_ENABLE_OBJC_ARC = YES;
				CLANG_ENABLE_OBJC_WEAK = YES;
				CLANG_WARN_BLOCK_CAPTURE_AUTORELEASING = YES;
				CLANG_WARN_BOOL_CONVERSION = YES;
				CLANG_WARN_COMMA = YES;
				CLANG_WARN_CONSTANT_CONVERSION = YES;
				CLANG_WARN_DEPRECATED_OBJC_IMPLEMENTATIONS = YES;
				CLANG_WARN_DIRECT_OBJC_ISA_USAGE = YES_ERROR;
				CLANG_WARN_DOCUMENTATION_COMMENTS = YES;
				CLANG_WARN_EMPTY_BODY = YES;
				CLANG_WARN_ENUM_CONVERSION = YES;
				CLANG_WARN_INFINITE_RECURSION = YES;
				CLANG_WARN_INT_CONVERSION = YES;
				CLANG_WARN_NON_LITERAL_NULL_CONVERSION = YES;
				CLANG_WARN_OBJC_IMPLICIT_RETAIN_SELF = YES;
				CLANG_WARN_OBJC_LITERAL_CONVERSION = YES;
				CLANG_WARN_OBJC_ROOT_CLASS = YES_ERROR;
				CLANG_WARN_QUOTED_INCLUDE_IN_FRAMEWORK_HEADER = YES;
				CLANG_WARN_RANGE_LOOP_ANALYSIS = YES;
				CLANG_WARN_STRICT_PROTOTYPES = YES;
				CLANG_WARN_SUSPICIOUS_MOVE = YES;
				CLANG_WARN_UNGUARDED_AVAILABILITY = YES_AGGRESSIVE;
				CLANG_WARN_UNREACHABLE_CODE = YES;
				CLANG_WARN__DUPLICATE_METHOD_MATCH = YES;
				COPY_PHASE_STRIP = NO;
				DEBUG_INFORMATION_FORMAT = "dwarf-with-dsym";
				ENABLE_NS_ASSERTIONS = NO;
				ENABLE_STRICT_OBJC_MSGSEND = YES;
				ENABLE_USER_SCRIPT_SANDBOXING = YES;
				GCC_C_LANGUAGE_STANDARD = gnu17;
				GCC_NO_COMMON_BLOCKS = YES;
				GCC_WARN_64_TO_32_BIT_CONVERSION = YES;
				GCC_WARN_ABOUT_RETURN_TYPE = YES_ERROR;
				GCC_WARN_UNDECLARED_SELECTOR = YES;
				GCC_WARN_UNINITIALIZED_AUTOS = YES_AGGRESSIVE;
				GCC_WARN_UNUSED_FUNCTION = YES;
				GCC_WARN_UNUSED_VARIABLE = YES;
				LOCALIZATION_PREFERS_STRING_CATALOGS = YES;
				MACOSX_DEPLOYMENT_TARGET = 14.0;
				MTL_ENABLE_DEBUG_INFO = NO;
				MTL_FAST_MATH = YES;
				SDKROOT = macosx;
				SWIFT_COMPILATION_MODE = wholemodule;
			};
			name = Release;
		};
		/* RSSReader Debug */
		AB000011 /* Debug */ = {
			isa = XCBuildConfiguration;
			buildSettings = {
				ASSETCATALOG_COMPILER_APPICON_NAME = AppIcon;
				ASSETCATALOG_COMPILER_GLOBAL_ACCENT_COLOR_NAME = AccentColor;
				CODE_SIGN_ENTITLEMENTS = RSSReader/RSSReader.entitlements;
				CODE_SIGN_STYLE = Automatic;
				COMBINE_HIDPI_IMAGES = YES;
				CURRENT_PROJECT_VERSION = 1;
				DEVELOPMENT_ASSET_PATHS = "";
				ENABLE_PREVIEWS = YES;
				GENERATE_INFOPLIST_FILE = YES;
				INFOPLIST_FILE = RSSReader/Info.plist;
				INFOPLIST_KEY_CFBundleDisplayName = "RSS Reader";
				INFOPLIST_KEY_LSApplicationCategoryType = "public.app-category.news";
				INFOPLIST_KEY_NSHumanReadableCopyright = "";
				LD_RUNPATH_SEARCH_PATHS = (
					"$(inherited)",
					"@executable_path/../Frameworks",
				);
				MARKETING_VERSION = 1.0;
				PRODUCT_BUNDLE_IDENTIFIER = com.rssreader.app;
				PRODUCT_NAME = "$(TARGET_NAME)";
				SWIFT_EMIT_LOC_STRINGS = YES;
				SWIFT_VERSION = 5.0;
			};
			name = Debug;
		};
		/* RSSReader Release */
		AB000012 /* Release */ = {
			isa = XCBuildConfiguration;
			buildSettings = {
				ASSETCATALOG_COMPILER_APPICON_NAME = AppIcon;
				ASSETCATALOG_COMPILER_GLOBAL_ACCENT_COLOR_NAME = AccentColor;
				CODE_SIGN_ENTITLEMENTS = RSSReader/RSSReader.entitlements;
				CODE_SIGN_STYLE = Automatic;
				COMBINE_HIDPI_IMAGES = YES;
				CURRENT_PROJECT_VERSION = 1;
				DEVELOPMENT_ASSET_PATHS = "";
				ENABLE_PREVIEWS = YES;
				GENERATE_INFOPLIST_FILE = YES;
				INFOPLIST_FILE = RSSReader/Info.plist;
				INFOPLIST_KEY_CFBundleDisplayName = "RSS Reader";
				INFOPLIST_KEY_LSApplicationCategoryType = "public.app-category.news";
				INFOPLIST_KEY_NSHumanReadableCopyright = "";
				LD_RUNPATH_SEARCH_PATHS = (
					"$(inherited)",
					"@executable_path/../Frameworks",
				);
				MARKETING_VERSION = 1.0;
				PRODUCT_BUNDLE_IDENTIFIER = com.rssreader.app;
				PRODUCT_NAME = "$(TARGET_NAME)";
				SWIFT_EMIT_LOC_STRINGS = YES;
				SWIFT_VERSION = 5.0;
			};
			name = Release;
		};
		/* RSSReaderTests Debug */
		AB000021 /* Debug */ = {
			isa = XCBuildConfiguration;
			buildSettings = {
				BUNDLE_LOADER = "$(TEST_HOST)";
				CODE_SIGN_STYLE = Automatic;
				CURRENT_PROJECT_VERSION = 1;
				GENERATE_INFOPLIST_FILE = YES;
				MACOSX_DEPLOYMENT_TARGET = 14.0;
				MARKETING_VERSION = 1.0;
				PRODUCT_BUNDLE_IDENTIFIER = com.rssreader.tests;
				PRODUCT_NAME = "$(TARGET_NAME)";
				SWIFT_EMIT_LOC_STRINGS = NO;
				SWIFT_VERSION = 5.0;
				TEST_HOST = "$(BUILT_PRODUCTS_DIR)/RSSReader.app/$(BUNDLE_EXECUTABLE_FOLDER_PATH)/RSSReader";
			};
			name = Debug;
		};
		/* RSSReaderTests Release */
		AB000022 /* Release */ = {
			isa = XCBuildConfiguration;
			buildSettings = {
				BUNDLE_LOADER = "$(TEST_HOST)";
				CODE_SIGN_STYLE = Automatic;
				CURRENT_PROJECT_VERSION = 1;
				GENERATE_INFOPLIST_FILE = YES;
				MACOSX_DEPLOYMENT_TARGET = 14.0;
				MARKETING_VERSION = 1.0;
				PRODUCT_BUNDLE_IDENTIFIER = com.rssreader.tests;
				PRODUCT_NAME = "$(TARGET_NAME)";
				SWIFT_EMIT_LOC_STRINGS = NO;
				SWIFT_VERSION = 5.0;
				TEST_HOST = "$(BUILT_PRODUCTS_DIR)/RSSReader.app/$(BUNDLE_EXECUTABLE_FOLDER_PATH)/RSSReader";
			};
			name = Release;
		};
		/* RSSReaderUITests Debug */
		AB000031 /* Debug */ = {
			isa = XCBuildConfiguration;
			buildSettings = {
				CODE_SIGN_STYLE = Automatic;
				CURRENT_PROJECT_VERSION = 1;
				GENERATE_INFOPLIST_FILE = YES;
				MACOSX_DEPLOYMENT_TARGET = 14.0;
				MARKETING_VERSION = 1.0;
				PRODUCT_BUNDLE_IDENTIFIER = com.rssreader.uitests;
				PRODUCT_NAME = "$(TARGET_NAME)";
				SWIFT_EMIT_LOC_STRINGS = NO;
				SWIFT_VERSION = 5.0;
				TEST_TARGET_NAME = RSSReader;
			};
			name = Debug;
		};
		/* RSSReaderUITests Release */
		AB000032 /* Release */ = {
			isa = XCBuildConfiguration;
			buildSettings = {
				CODE_SIGN_STYLE = Automatic;
				CURRENT_PROJECT_VERSION = 1;
				GENERATE_INFOPLIST_FILE = YES;
				MACOSX_DEPLOYMENT_TARGET = 14.0;
				MARKETING_VERSION = 1.0;
				PRODUCT_BUNDLE_IDENTIFIER = com.rssreader.uitests;
				PRODUCT_NAME = "$(TARGET_NAME)";
				SWIFT_EMIT_LOC_STRINGS = NO;
				SWIFT_VERSION = 5.0;
				TEST_TARGET_NAME = RSSReader;
			};
			name = Release;
		};
/* End XCBuildConfiguration section */

/* Begin XCConfigurationList section */
		A8000000 /* Build configuration list for PBXProject "RSSReader" */ = {
			isa = XCConfigurationList;
			buildConfigurations = (
				AB000001 /* Debug */,
				AB000002 /* Release */,
			);
			defaultConfigurationIsVisible = 0;
			defaultConfigurationName = Release;
		};
		A8000001 /* Build configuration list for PBXNativeTarget "RSSReader" */ = {
			isa = XCConfigurationList;
			buildConfigurations = (
				AB000011 /* Debug */,
				AB000012 /* Release */,
			);
			defaultConfigurationIsVisible = 0;
			defaultConfigurationName = Release;
		};
		A8000002 /* Build configuration list for PBXNativeTarget "RSSReaderTests" */ = {
			isa = XCConfigurationList;
			buildConfigurations = (
				AB000021 /* Debug */,
				AB000022 /* Release */,
			);
			defaultConfigurationIsVisible = 0;
			defaultConfigurationName = Release;
		};
		A8000003 /* Build configuration list for PBXNativeTarget "RSSReaderUITests" */ = {
			isa = XCConfigurationList;
			buildConfigurations = (
				AB000031 /* Debug */,
				AB000032 /* Release */,
			);
			defaultConfigurationIsVisible = 0;
			defaultConfigurationName = Release;
		};
/* End XCConfigurationList section */

/* Begin XCRemoteSwiftPackageReference section */
		AC000002 /* XCRemoteSwiftPackageReference "FeedKit" */ = {
			isa = XCRemoteSwiftPackageReference;
			repositoryURL = "https://github.com/nmdias/FeedKit.git";
			requirement = {
				kind = upToNextMajorVersion;
				minimumVersion = 9.1.2;
			};
		};
/* End XCRemoteSwiftPackageReference section */

/* Begin XCSwiftPackageProductDependency section */
		AC000001 /* FeedKit */ = {
			isa = XCSwiftPackageProductDependency;
			package = AC000002 /* XCRemoteSwiftPackageReference "FeedKit" */;
			productName = FeedKit;
		};
/* End XCSwiftPackageProductDependency section */
	};
	rootObject = A4000000 /* Project object */;
}
